
Microsoft Visual Studio Solution File, Format Version 12.00
# Visual Studio 15
VisualStudioVersion = 15.0.26124.0
MinimumVisualStudioVersion = 15.0.26124.0
Project("{2150E333-8FDC-42A3-9474-1A3956D46DE8}") = "src", "src", "{DF9F0D72-5656-4F80-98A2-256204843D0F}"
EndProject
Project("{FAE04EC0-301F-11D3-BF4B-00C04F79EFBC}") = "rokuclient", "src\rokuclient\rokuclient.csproj", "{BA0337C1-90CA-4142-A215-790F7427C1B8}"
EndProject
Project("{FAE04EC0-301F-11D3-BF4B-00C04F79EFBC}") = "rokuremote", "src\rokuremote\rokuremote.csproj", "{71DED6B3-40D2-46C4-BECF-42F17C41BCD2}"
EndProject
Global
	GlobalSection(SolutionConfigurationPlatforms) = preSolution
		Debug|Any CPU = Debug|Any CPU
		Debug|x64 = Debug|x64
		Debug|x86 = Debug|x86
		Release|Any CPU = Release|Any CPU
		Release|x64 = Release|x64
		Release|x86 = Release|x86
	EndGlobalSection
	GlobalSection(SolutionProperties) = preSolution
		HideSolutionNode = FALSE
	EndGlobalSection
	GlobalSection(ProjectConfigurationPlatforms) = postSolution
		{BA0337C1-90CA-4142-A215-790F7427C1B8}.Debug|Any CPU.ActiveCfg = Debug|Any CPU
		{BA0337C1-90CA-4142-A215-790F7427C1B8}.Debug|Any CPU.Build.0 = Debug|Any CPU
		{BA0337C1-90CA-4142-A215-790F7427C1B8}.Debug|x64.ActiveCfg = Debug|x64
		{BA0337C1-90CA-4142-A215-790F7427C1B8}.Debug|x64.Build.0 = Debug|x64
		{BA0337C1-90CA-4142-A215-790F7427C1B8}.Debug|x86.ActiveCfg = Debug|x86
		{BA0337C1-90CA-4142-A215-790F7427C1B8}.Debug|x86.Build.0 = Debug|x86
		{BA0337C1-90CA-4142-A215-790F7427C1B8}.Release|Any CPU.ActiveCfg = Release|Any CPU
		{BA0337C1-90CA-4142-A215-790F7427C1B8}.Release|Any CPU.Build.0 = Release|Any CPU
		{BA0337C1-90CA-4142-A215-790F7427C1B8}.Release|x64.ActiveCfg = Release|x64
		{BA0337C1-90CA-4142-A215-790F7427C1B8}.Release|x64.Build.0 = Release|x64
		{BA0337C1-90CA-4142-A215-790F7427C1B8}.Release|x86.ActiveCfg = Release|x86
		{BA0337C1-90CA-4142-A215-790F7427C1B8}.Release|x86.Build.0 = Release|x86
		{71DED6B3-40D2-46C4-BECF-42F17C41BCD2}.Debug|Any CPU.ActiveCfg = Debug|Any CPU
		{71DED6B3-40D2-46C4-BECF-42F17C41BCD2}.Debug|Any CPU.Build.0 = Debug|Any CPU
		{71DED6B3-40D2-46C4-BECF-42F17C41BCD2}.Debug|x64.ActiveCfg = Debug|x64
		{71DED6B3-40D2-46C4-BECF-42F17C41BCD2}.Debug|x64.Build.0 = Debug|x64
		{71DED6B3-40D2-46C4-BECF-42F17C41BCD2}.Debug|x86.ActiveCfg = Debug|x86
		{71DED6B3-40D2-46C4-BECF-42F17C41BCD2}.Debug|x86.Build.0 = Debug|x86
		{71DED6B3-40D2-46C4-BECF-42F17C41BCD2}.Release|Any CPU.ActiveCfg = Release|Any CPU
		{71DED6B3-40D2-46C4-BECF-42F17C41BCD2}.Release|Any CPU.Build.0 = Release|Any CPU
		{71DED6B3-40D2-46C4-BECF-42F17C41BCD2}.Release|x64.ActiveCfg = Release|x64
		{71DED6B3-40D2-46C4-BECF-42F17C41BCD2}.Release|x64.Build.0 = Release|x64
		{71DED6B3-40D2-46C4-BECF-42F17C41BCD2}.Release|x86.ActiveCfg = Release|x86
		{71DED6B3-40D2-46C4-BECF-42F17C41BCD2}.Release|x86.Build.0 = Release|x86
	EndGlobalSection
	GlobalSection(NestedProjects) = preSolution
		{BA0337C1-90CA-4142-A215-790F7427C1B8} = {DF9F0D72-5656-4F80-98A2-256204843D0F}
		{71DED6B3-40D2-46C4-BECF-42F17C41BCD2} = {DF9F0D72-5656-4F80-98A2-256204843D0F}
	EndGlobalSection
EndGlobal
